
Microsoft Visual Studio Solution File, Format Version 12.00
# Visual Studio 15
VisualStudioVersion = 15.0.27703.2026
MinimumVisualStudioVersion = 10.0.40219.1
Project("{8BC9CEB8-8B4A-11D0-8D11-00A0C91BC942}") = "dll_test", "dll_test\dll_test.vcxproj", "{07E5E6B8-5EBC-4909-A9B9-614B8883CF97}"
EndProject
Global
	GlobalSection(SolutionConfigurationPlatforms) = preSolution
		Debug|x64 = Debug|x64
		Debug|x86 = Debug|x86
		Release|x64 = Release|x64
		Release|x86 = Release|x86
	EndGlobalSection
	GlobalSection(ProjectConfigurationPlatforms) = postSolution
		{07E5E6B8-5EBC-4909-A9B9-614B8883CF97}.Debug|x64.ActiveCfg = Debug|x64
		{07E5E6B8-5EBC-4909-A9B9-614B8883CF97}.Debug|x64.Build.0 = Debug|x64
		{07E5E6B8-5EBC-4909-A9B9-614B8883CF97}.Debug|x86.ActiveCfg = Debug|x64
		{07E5E6B8-5EBC-4909-A9B9-614B8883CF97}.Debug|x86.Build.0 = Debug|x64
		{07E5E6B8-5EBC-4909-A9B9-614B8883CF97}.Release|x64.ActiveCfg = Release|x64
		{07E5E6B8-5EBC-4909-A9B9-614B8883CF97}.Release|x64.Build.0 = Release|x64
		{07E5E6B8-5EBC-4909-A9B9-614B8883CF97}.Release|x86.ActiveCfg = Release|Win32
		{07E5E6B8-5EBC-4909-A9B9-614B8883CF97}.Release|x86.Build.0 = Release|Win32
	EndGlobalSection
	GlobalSection(SolutionProperties) = preSolution
		HideSolutionNode = FALSE
	EndGlobalSection
	GlobalSection(ExtensibilityGlobals) = postSolution
		SolutionGuid = {61EFBC76-7422-4227-95A6-B3FF3A05E4B7}
	EndGlobalSection
EndGlobal
